
Microsoft Visual Studio Solution File, Format Version 12.00
# Visual Studio Version 16
VisualStudioVersion = 16.0.29709.97
MinimumVisualStudioVersion = 10.0.40219.1
Project("{FAE04EC0-301F-11D3-BF4B-00C04F79EFBC}") = "Micro-ondas", "Micro-ondas\Micro-ondas.csproj", "{F70302FB-E6C8-4916-954A-127112FA28B9}"
EndProject
Global
	GlobalSection(SolutionConfigurationPlatforms) = preSolution
		Debug|Any CPU = Debug|Any CPU
		Release|Any CPU = Release|Any CPU
	EndGlobalSection
	GlobalSection(ProjectConfigurationPlatforms) = postSolution
		{F70302FB-E6C8-4916-954A-127112FA28B9}.Debug|Any CPU.ActiveCfg = Debug|Any CPU
		{F70302FB-E6C8-4916-954A-127112FA28B9}.Debug|Any CPU.Build.0 = Debug|Any CPU
		{F70302FB-E6C8-4916-954A-127112FA28B9}.Release|Any CPU.ActiveCfg = Release|Any CPU
		{F70302FB-E6C8-4916-954A-127112FA28B9}.Release|Any CPU.Build.0 = Release|Any CPU
	EndGlobalSection
	GlobalSection(SolutionProperties) = preSolution
		HideSolutionNode = FALSE
	EndGlobalSection
	GlobalSection(ExtensibilityGlobals) = postSolution
		SolutionGuid = {66312D67-A4A2-4C1B-A6D5-B163B00B80EC}
	EndGlobalSection
EndGlobal
